
Microsoft Visual Studio Solution File, Format Version 12.00
# Visual Studio Version 17
VisualStudioVersion = 17.9.34723.18
MinimumVisualStudioVersion = 10.0.40219.1
Project("{FAE04EC0-301F-11D3-BF4B-00C04F79EFBC}") = "ConsoleApp10", "ConsoleApp10\ConsoleApp10.csproj", "{351020EE-072E-4B86-8D90-26C4C20DABE0}"
EndProject
Global
	GlobalSection(SolutionConfigurationPlatforms) = preSolution
		Debug|Any CPU = Debug|Any CPU
		Release|Any CPU = Release|Any CPU
	EndGlobalSection
	GlobalSection(ProjectConfigurationPlatforms) = postSolution
		{351020EE-072E-4B86-8D90-26C4C20DABE0}.Debug|Any CPU.ActiveCfg = Debug|Any CPU
		{351020EE-072E-4B86-8D90-26C4C20DABE0}.Debug|Any CPU.Build.0 = Debug|Any CPU
		{351020EE-072E-4B86-8D90-26C4C20DABE0}.Release|Any CPU.ActiveCfg = Release|Any CPU
		{351020EE-072E-4B86-8D90-26C4C20DABE0}.Release|Any CPU.Build.0 = Release|Any CPU
	EndGlobalSection
	GlobalSection(SolutionProperties) = preSolution
		HideSolutionNode = FALSE
	EndGlobalSection
	GlobalSection(ExtensibilityGlobals) = postSolution
		SolutionGuid = {B51500E7-5AA8-40E0-B49A-823C7476B1AD}
	EndGlobalSection
EndGlobal
